Microsoft Visual Studio Solution File, Format Version 11.00
# Visual Studio 2010
Project("{8BC9CEB8-8B4A-11D0-8D11-00A0C91BC942}") = "NppPlugin", "NppPlugin\project\NppPlugin.vcxproj", "{69CC76EB-0183-4622-929C-02E860A66A23}"
EndProject
Project("{8BC9CEB8-8B4A-11D0-8D11-00A0C91BC942}") = "PythonScript", "PythonScript\project\PythonScript2010.vcxproj", "{8ACDC1F7-75BD-44CA-9F35-6521DEDC5DF6}"
EndProject
Project("{8BC9CEB8-8B4A-11D0-8D11-00A0C91BC942}") = "PythonScript.Tests", "PythonScript.Tests\PythonScript.Tests.vcxproj", "{141C090A-DF76-456E-8B54-1E2C9E5AE75A}"
EndProject
Project("{8BC9CEB8-8B4A-11D0-8D11-00A0C91BC942}") = "gtest.proj", "PythonScript.Tests\gtest.proj\gtest.vcxproj", "{2DDE822D-E7AC-4650-B875-D33FADC0EED9}"
EndProject
Global
	GlobalSection(SolutionConfigurationPlatforms) = preSolution
		ANSI-Debug|Mixed Platforms = ANSI-Debug|Mixed Platforms
		ANSI-Debug|Win32 = ANSI-Debug|Win32
		ANSI-Debug|x86 = ANSI-Debug|x86
		ANSI-Debug-xml-test|Mixed Platforms = ANSI-Debug-xml-test|Mixed Platforms
		ANSI-Debug-xml-test|Win32 = ANSI-Debug-xml-test|Win32
		ANSI-Debug-xml-test|x86 = ANSI-Debug-xml-test|x86
		ANSI-Release|Mixed Platforms = ANSI-Release|Mixed Platforms
		ANSI-Release|Win32 = ANSI-Release|Win32
		ANSI-Release|x86 = ANSI-Release|x86
		Debug|Mixed Platforms = Debug|Mixed Platforms
		Debug|Win32 = Debug|Win32
		Debug|x86 = Debug|x86
		Debug-xml-test|Mixed Platforms = Debug-xml-test|Mixed Platforms
		Debug-xml-test|Win32 = Debug-xml-test|Win32
		Debug-xml-test|x86 = Debug-xml-test|x86
		Release|Mixed Platforms = Release|Mixed Platforms
		Release|Win32 = Release|Win32
		Release|x86 = Release|x86
	EndGlobalSection
	GlobalSection(ProjectConfigurationPlatforms) = postSolution
		{69CC76EB-0183-4622-929C-02E860A66A23}.ANSI-Debug|Mixed Platforms.ActiveCfg = ANSI-Debug|Win32
		{69CC76EB-0183-4622-929C-02E860A66A23}.ANSI-Debug|Mixed Platforms.Build.0 = ANSI-Debug|Win32
		{69CC76EB-0183-4622-929C-02E860A66A23}.ANSI-Debug|Win32.ActiveCfg = ANSI-Debug|Win32
		{69CC76EB-0183-4622-929C-02E860A66A23}.ANSI-Debug|Win32.Build.0 = ANSI-Debug|Win32
		{69CC76EB-0183-4622-929C-02E860A66A23}.ANSI-Debug|x86.ActiveCfg = ANSI-Debug|Win32
		{69CC76EB-0183-4622-929C-02E860A66A23}.ANSI-Debug-xml-test|Mixed Platforms.ActiveCfg = ANSI-Debug-xml-test|Win32
		{69CC76EB-0183-4622-929C-02E860A66A23}.ANSI-Debug-xml-test|Mixed Platforms.Build.0 = ANSI-Debug-xml-test|Win32
		{69CC76EB-0183-4622-929C-02E860A66A23}.ANSI-Debug-xml-test|Win32.ActiveCfg = ANSI-Debug-xml-test|Win32
		{69CC76EB-0183-4622-929C-02E860A66A23}.ANSI-Debug-xml-test|Win32.Build.0 = ANSI-Debug-xml-test|Win32
		{69CC76EB-0183-4622-929C-02E860A66A23}.ANSI-Debug-xml-test|x86.ActiveCfg = ANSI-Debug-xml-test|Win32
		{69CC76EB-0183-4622-929C-02E860A66A23}.ANSI-Release|Mixed Platforms.ActiveCfg = ANSI-Release|Win32
		{69CC76EB-0183-4622-929C-02E860A66A23}.ANSI-Release|Mixed Platforms.Build.0 = ANSI-Release|Win32
		{69CC76EB-0183-4622-929C-02E860A66A23}.ANSI-Release|Win32.ActiveCfg = ANSI-Release|Win32
		{69CC76EB-0183-4622-929C-02E860A66A23}.ANSI-Release|Win32.Build.0 = ANSI-Release|Win32
		{69CC76EB-0183-4622-929C-02E860A66A23}.ANSI-Release|x86.ActiveCfg = ANSI-Release|Win32
		{69CC76EB-0183-4622-929C-02E860A66A23}.Debug|Mixed Platforms.ActiveCfg = Debug|Win32
		{69CC76EB-0183-4622-929C-02E860A66A23}.Debug|Mixed Platforms.Build.0 = Debug|Win32
		{69CC76EB-0183-4622-929C-02E860A66A23}.Debug|Win32.ActiveCfg = Debug|Win32
		{69CC76EB-0183-4622-929C-02E860A66A23}.Debug|Win32.Build.0 = Debug|Win32
		{69CC76EB-0183-4622-929C-02E860A66A23}.Debug|x86.ActiveCfg = Debug|Win32
		{69CC76EB-0183-4622-929C-02E860A66A23}.Debug-xml-test|Mixed Platforms.ActiveCfg = Debug-xml-test|Win32
		{69CC76EB-0183-4622-929C-02E860A66A23}.Debug-xml-test|Mixed Platforms.Build.0 = Debug-xml-test|Win32
		{69CC76EB-0183-4622-929C-02E860A66A23}.Debug-xml-test|Win32.ActiveCfg = Debug-xml-test|Win32
		{69CC76EB-0183-4622-929C-02E860A66A23}.Debug-xml-test|Win32.Build.0 = Debug-xml-test|Win32
		{69CC76EB-0183-4622-929C-02E860A66A23}.Debug-xml-test|x86.ActiveCfg = Debug-xml-test|Win32
		{69CC76EB-0183-4622-929C-02E860A66A23}.Release|Mixed Platforms.ActiveCfg = Release|Win32
		{69CC76EB-0183-4622-929C-02E860A66A23}.Release|Mixed Platforms.Build.0 = Release|Win32
		{69CC76EB-0183-4622-929C-02E860A66A23}.Release|Win32.ActiveCfg = Release|Win32
		{69CC76EB-0183-4622-929C-02E860A66A23}.Release|Win32.Build.0 = Release|Win32
		{69CC76EB-0183-4622-929C-02E860A66A23}.Release|x86.ActiveCfg = Release|Win32
		{8ACDC1F7-75BD-44CA-9F35-6521DEDC5DF6}.ANSI-Debug|Mixed Platforms.ActiveCfg = Debug|Win32
		{8ACDC1F7-75BD-44CA-9F35-6521DEDC5DF6}.ANSI-Debug|Mixed Platforms.Build.0 = Debug|Win32
		{8ACDC1F7-75BD-44CA-9F35-6521DEDC5DF6}.ANSI-Debug|Win32.ActiveCfg = Debug|Win32
		{8ACDC1F7-75BD-44CA-9F35-6521DEDC5DF6}.ANSI-Debug|Win32.Build.0 = Debug|Win32
		{8ACDC1F7-75BD-44CA-9F35-6521DEDC5DF6}.ANSI-Debug|x86.ActiveCfg = Debug|Win32
		{8ACDC1F7-75BD-44CA-9F35-6521DEDC5DF6}.ANSI-Debug-xml-test|Mixed Platforms.ActiveCfg = Debug|Win32
		{8ACDC1F7-75BD-44CA-9F35-6521DEDC5DF6}.ANSI-Debug-xml-test|Mixed Platforms.Build.0 = Debug|Win32
		{8ACDC1F7-75BD-44CA-9F35-6521DEDC5DF6}.ANSI-Debug-xml-test|Win32.ActiveCfg = Debug|Win32
		{8ACDC1F7-75BD-44CA-9F35-6521DEDC5DF6}.ANSI-Debug-xml-test|Win32.Build.0 = Debug|Win32
		{8ACDC1F7-75BD-44CA-9F35-6521DEDC5DF6}.ANSI-Debug-xml-test|x86.ActiveCfg = Debug|Win32
		{8ACDC1F7-75BD-44CA-9F35-6521DEDC5DF6}.ANSI-Release|Mixed Platforms.ActiveCfg = Release|Win32
		{8ACDC1F7-75BD-44CA-9F35-6521DEDC5DF6}.ANSI-Release|Mixed Platforms.Build.0 = Release|Win32
		{8ACDC1F7-75BD-44CA-9F35-6521DEDC5DF6}.ANSI-Release|Win32.ActiveCfg = Release|Win32
		{8ACDC1F7-75BD-44CA-9F35-6521DEDC5DF6}.ANSI-Release|Win32.Build.0 = Release|Win32
		{8ACDC1F7-75BD-44CA-9F35-6521DEDC5DF6}.ANSI-Release|x86.ActiveCfg = Release|Win32
		{8ACDC1F7-75BD-44CA-9F35-6521DEDC5DF6}.Debug|Mixed Platforms.ActiveCfg = Debug|Win32
		{8ACDC1F7-75BD-44CA-9F35-6521DEDC5DF6}.Debug|Mixed Platforms.Build.0 = Debug|Win32
		{8ACDC1F7-75BD-44CA-9F35-6521DEDC5DF6}.Debug|Win32.ActiveCfg = Debug|Win32
		{8ACDC1F7-75BD-44CA-9F35-6521DEDC5DF6}.Debug|Win32.Build.0 = Debug|Win32
		{8ACDC1F7-75BD-44CA-9F35-6521DEDC5DF6}.Debug|x86.ActiveCfg = Debug|Win32
		{8ACDC1F7-75BD-44CA-9F35-6521DEDC5DF6}.Debug-xml-test|Mixed Platforms.ActiveCfg = Debug-ANSI|Win32
		{8ACDC1F7-75BD-44CA-9F35-6521DEDC5DF6}.Debug-xml-test|Mixed Platforms.Build.0 = Debug-ANSI|Win32
		{8ACDC1F7-75BD-44CA-9F35-6521DEDC5DF6}.Debug-xml-test|Win32.ActiveCfg = Debug|Win32
		{8ACDC1F7-75BD-44CA-9F35-6521DEDC5DF6}.Debug-xml-test|Win32.Build.0 = Debug|Win32
		{8ACDC1F7-75BD-44CA-9F35-6521DEDC5DF6}.Debug-xml-test|x86.ActiveCfg = Debug-ANSI|Win32
		{8ACDC1F7-75BD-44CA-9F35-6521DEDC5DF6}.Release|Mixed Platforms.ActiveCfg = Release|Win32
		{8ACDC1F7-75BD-44CA-9F35-6521DEDC5DF6}.Release|Mixed Platforms.Build.0 = Release|Win32
		{8ACDC1F7-75BD-44CA-9F35-6521DEDC5DF6}.Release|Win32.ActiveCfg = Release|Win32
		{8ACDC1F7-75BD-44CA-9F35-6521DEDC5DF6}.Release|Win32.Build.0 = Release|Win32
		{8ACDC1F7-75BD-44CA-9F35-6521DEDC5DF6}.Release|x86.ActiveCfg = Release|Win32
		{141C090A-DF76-456E-8B54-1E2C9E5AE75A}.ANSI-Debug|Mixed Platforms.ActiveCfg = Debug|Win32
		{141C090A-DF76-456E-8B54-1E2C9E5AE75A}.ANSI-Debug|Mixed Platforms.Build.0 = Debug|Win32
		{141C090A-DF76-456E-8B54-1E2C9E5AE75A}.ANSI-Debug|Win32.ActiveCfg = Debug|Win32
		{141C090A-DF76-456E-8B54-1E2C9E5AE75A}.ANSI-Debug|Win32.Build.0 = Debug|Win32
		{141C090A-DF76-456E-8B54-1E2C9E5AE75A}.ANSI-Debug|x86.ActiveCfg = Debug|Win32
		{141C090A-DF76-456E-8B54-1E2C9E5AE75A}.ANSI-Debug-xml-test|Mixed Platforms.ActiveCfg = Debug|Win32
		{141C090A-DF76-456E-8B54-1E2C9E5AE75A}.ANSI-Debug-xml-test|Mixed Platforms.Build.0 = Debug|Win32
		{141C090A-DF76-456E-8B54-1E2C9E5AE75A}.ANSI-Debug-xml-test|Win32.ActiveCfg = Debug|Win32
		{141C090A-DF76-456E-8B54-1E2C9E5AE75A}.ANSI-Debug-xml-test|Win32.Build.0 = Debug|Win32
		{141C090A-DF76-456E-8B54-1E2C9E5AE75A}.ANSI-Debug-xml-test|x86.ActiveCfg = Debug|Win32
		{141C090A-DF76-456E-8B54-1E2C9E5AE75A}.ANSI-Release|Mixed Platforms.ActiveCfg = Release|Win32
		{141C090A-DF76-456E-8B54-1E2C9E5AE75A}.ANSI-Release|Mixed Platforms.Build.0 = Release|Win32
		{141C090A-DF76-456E-8B54-1E2C9E5AE75A}.ANSI-Release|Win32.ActiveCfg = Release|Win32
		{141C090A-DF76-456E-8B54-1E2C9E5AE75A}.ANSI-Release|Win32.Build.0 = Release|Win32
		{141C090A-DF76-456E-8B54-1E2C9E5AE75A}.ANSI-Release|x86.ActiveCfg = Release|Win32
		{141C090A-DF76-456E-8B54-1E2C9E5AE75A}.Debug|Mixed Platforms.ActiveCfg = Debug|Win32
		{141C090A-DF76-456E-8B54-1E2C9E5AE75A}.Debug|Mixed Platforms.Build.0 = Debug|Win32
		{141C090A-DF76-456E-8B54-1E2C9E5AE75A}.Debug|Win32.ActiveCfg = Debug|Win32
		{141C090A-DF76-456E-8B54-1E2C9E5AE75A}.Debug|Win32.Build.0 = Debug|Win32
		{141C090A-DF76-456E-8B54-1E2C9E5AE75A}.Debug|x86.ActiveCfg = Debug|Win32
		{141C090A-DF76-456E-8B54-1E2C9E5AE75A}.Debug-xml-test|Mixed Platforms.ActiveCfg = Debug|Win32
		{141C090A-DF76-456E-8B54-1E2C9E5AE75A}.Debug-xml-test|Mixed Platforms.Build.0 = Debug|Win32
		{141C090A-DF76-456E-8B54-1E2C9E5AE75A}.Debug-xml-test|Win32.ActiveCfg = Debug|Win32
		{141C090A-DF76-456E-8B54-1E2C9E5AE75A}.Debug-xml-test|Win32.Build.0 = Debug|Win32
		{141C090A-DF76-456E-8B54-1E2C9E5AE75A}.Debug-xml-test|x86.ActiveCfg = Debug|Win32
		{141C090A-DF76-456E-8B54-1E2C9E5AE75A}.Release|Mixed Platforms.ActiveCfg = Release|Win32
		{141C090A-DF76-456E-8B54-1E2C9E5AE75A}.Release|Mixed Platforms.Build.0 = Release|Win32
		{141C090A-DF76-456E-8B54-1E2C9E5AE75A}.Release|Win32.ActiveCfg = Release|Win32
		{141C090A-DF76-456E-8B54-1E2C9E5AE75A}.Release|Win32.Build.0 = Release|Win32
		{141C090A-DF76-456E-8B54-1E2C9E5AE75A}.Release|x86.ActiveCfg = Release|Win32
		{2DDE822D-E7AC-4650-B875-D33FADC0EED9}.ANSI-Debug|Mixed Platforms.ActiveCfg = Debug|Win32
		{2DDE822D-E7AC-4650-B875-D33FADC0EED9}.ANSI-Debug|Mixed Platforms.Build.0 = Debug|Win32
		{2DDE822D-E7AC-4650-B875-D33FADC0EED9}.ANSI-Debug|Win32.ActiveCfg = Debug|Win32
		{2DDE822D-E7AC-4650-B875-D33FADC0EED9}.ANSI-Debug|Win32.Build.0 = Debug|Win32
		{2DDE822D-E7AC-4650-B875-D33FADC0EED9}.ANSI-Debug|x86.ActiveCfg = Debug|Win32
		{2DDE822D-E7AC-4650-B875-D33FADC0EED9}.ANSI-Debug-xml-test|Mixed Platforms.ActiveCfg = Debug|Win32
		{2DDE822D-E7AC-4650-B875-D33FADC0EED9}.ANSI-Debug-xml-test|Mixed Platforms.Build.0 = Debug|Win32
		{2DDE822D-E7AC-4650-B875-D33FADC0EED9}.ANSI-Debug-xml-test|Win32.ActiveCfg = Debug|Win32
		{2DDE822D-E7AC-4650-B875-D33FADC0EED9}.ANSI-Debug-xml-test|Win32.Build.0 = Debug|Win32
		{2DDE822D-E7AC-4650-B875-D33FADC0EED9}.ANSI-Debug-xml-test|x86.ActiveCfg = Debug|Win32
		{2DDE822D-E7AC-4650-B875-D33FADC0EED9}.ANSI-Release|Mixed Platforms.ActiveCfg = Release|Win32
		{2DDE822D-E7AC-4650-B875-D33FADC0EED9}.ANSI-Release|Mixed Platforms.Build.0 = Release|Win32
		{2DDE822D-E7AC-4650-B875-D33FADC0EED9}.ANSI-Release|Win32.ActiveCfg = Release|Win32
		{2DDE822D-E7AC-4650-B875-D33FADC0EED9}.ANSI-Release|Win32.Build.0 = Release|Win32
		{2DDE822D-E7AC-4650-B875-D33FADC0EED9}.ANSI-Release|x86.ActiveCfg = Release|Win32
		{2DDE822D-E7AC-4650-B875-D33FADC0EED9}.Debug|Mixed Platforms.ActiveCfg = Debug|Win32
		{2DDE822D-E7AC-4650-B875-D33FADC0EED9}.Debug|Mixed Platforms.Build.0 = Debug|Win32
		{2DDE822D-E7AC-4650-B875-D33FADC0EED9}.Debug|Win32.ActiveCfg = Debug|Win32
		{2DDE822D-E7AC-4650-B875-D33FADC0EED9}.Debug|Win32.Build.0 = Debug|Win32
		{2DDE822D-E7AC-4650-B875-D33FADC0EED9}.Debug|x86.ActiveCfg = Debug|Win32
		{2DDE822D-E7AC-4650-B875-D33FADC0EED9}.Debug-xml-test|Mixed Platforms.ActiveCfg = Debug|Win32
		{2DDE822D-E7AC-4650-B875-D33FADC0EED9}.Debug-xml-test|Mixed Platforms.Build.0 = Debug|Win32
		{2DDE822D-E7AC-4650-B875-D33FADC0EED9}.Debug-xml-test|Win32.ActiveCfg = Debug|Win32
		{2DDE822D-E7AC-4650-B875-D33FADC0EED9}.Debug-xml-test|Win32.Build.0 = Debug|Win32
		{2DDE822D-E7AC-4650-B875-D33FADC0EED9}.Debug-xml-test|x86.ActiveCfg = Debug|Win32
		{2DDE822D-E7AC-4650-B875-D33FADC0EED9}.Release|Mixed Platforms.ActiveCfg = Release|Win32
		{2DDE822D-E7AC-4650-B875-D33FADC0EED9}.Release|Mixed Platforms.Build.0 = Release|Win32
		{2DDE822D-E7AC-4650-B875-D33FADC0EED9}.Release|Win32.ActiveCfg = Release|Win32
		{2DDE822D-E7AC-4650-B875-D33FADC0EED9}.Release|Win32.Build.0 = Release|Win32
		{2DDE822D-E7AC-4650-B875-D33FADC0EED9}.Release|x86.ActiveCfg = Release|Win32
	EndGlobalSection
	GlobalSection(SolutionProperties) = preSolution
		HideSolutionNode = FALSE
	EndGlobalSection
EndGlobal
