Microsoft Visual Studio Solution File, Format Version 11.00
# Visual Studio 2010
Project("{8BC9CEB8-8B4A-11D0-8D11-00A0C91BC942}") = "PythonScript", "PythonScript\project\PythonScript.vcxproj", "{D5B3DD49-16EC-4F10-A10B-0E2440A10403}"
EndProject
Project("{8BC9CEB8-8B4A-11D0-8D11-00A0C91BC942}") = "NppPlugin", "NppPlugin\project\NppPlugin.vcxproj", "{69CC76EB-0183-4622-929C-02E860A66A23}"
EndProject
Global
	GlobalSection(SolutionConfigurationPlatforms) = preSolution
		ANSI-Debug|Win32 = ANSI-Debug|Win32
		ANSI-Debug-xml-test|Win32 = ANSI-Debug-xml-test|Win32
		ANSI-Release|Win32 = ANSI-Release|Win32
		Debug|Win32 = Debug|Win32
		Debug-xml-test|Win32 = Debug-xml-test|Win32
		Release|Win32 = Release|Win32
	EndGlobalSection
	GlobalSection(ProjectConfigurationPlatforms) = postSolution
		{D5B3DD49-16EC-4F10-A10B-0E2440A10403}.ANSI-Debug|Win32.ActiveCfg = ANSI-Debug|Win32
		{D5B3DD49-16EC-4F10-A10B-0E2440A10403}.ANSI-Debug|Win32.Build.0 = ANSI-Debug|Win32
		{D5B3DD49-16EC-4F10-A10B-0E2440A10403}.ANSI-Debug-xml-test|Win32.ActiveCfg = ANSI-Debug|Win32
		{D5B3DD49-16EC-4F10-A10B-0E2440A10403}.ANSI-Debug-xml-test|Win32.Build.0 = ANSI-Debug|Win32
		{D5B3DD49-16EC-4F10-A10B-0E2440A10403}.ANSI-Release|Win32.ActiveCfg = ANSI-Release|Win32
		{D5B3DD49-16EC-4F10-A10B-0E2440A10403}.ANSI-Release|Win32.Build.0 = ANSI-Release|Win32
		{D5B3DD49-16EC-4F10-A10B-0E2440A10403}.Debug|Win32.ActiveCfg = Debug|Win32
		{D5B3DD49-16EC-4F10-A10B-0E2440A10403}.Debug|Win32.Build.0 = Debug|Win32
		{D5B3DD49-16EC-4F10-A10B-0E2440A10403}.Debug-xml-test|Win32.ActiveCfg = Debug|Win32
		{D5B3DD49-16EC-4F10-A10B-0E2440A10403}.Debug-xml-test|Win32.Build.0 = Debug|Win32
		{D5B3DD49-16EC-4F10-A10B-0E2440A10403}.Release|Win32.ActiveCfg = Release|Win32
		{D5B3DD49-16EC-4F10-A10B-0E2440A10403}.Release|Win32.Build.0 = Release|Win32
		{69CC76EB-0183-4622-929C-02E860A66A23}.ANSI-Debug|Win32.ActiveCfg = ANSI-Debug|Win32
		{69CC76EB-0183-4622-929C-02E860A66A23}.ANSI-Debug|Win32.Build.0 = ANSI-Debug|Win32
		{69CC76EB-0183-4622-929C-02E860A66A23}.ANSI-Debug-xml-test|Win32.ActiveCfg = ANSI-Debug-xml-test|Win32
		{69CC76EB-0183-4622-929C-02E860A66A23}.ANSI-Debug-xml-test|Win32.Build.0 = ANSI-Debug-xml-test|Win32
		{69CC76EB-0183-4622-929C-02E860A66A23}.ANSI-Release|Win32.ActiveCfg = ANSI-Release|Win32
		{69CC76EB-0183-4622-929C-02E860A66A23}.ANSI-Release|Win32.Build.0 = ANSI-Release|Win32
		{69CC76EB-0183-4622-929C-02E860A66A23}.Debug|Win32.ActiveCfg = Debug|Win32
		{69CC76EB-0183-4622-929C-02E860A66A23}.Debug|Win32.Build.0 = Debug|Win32
		{69CC76EB-0183-4622-929C-02E860A66A23}.Debug-xml-test|Win32.ActiveCfg = Debug-xml-test|Win32
		{69CC76EB-0183-4622-929C-02E860A66A23}.Debug-xml-test|Win32.Build.0 = Debug-xml-test|Win32
		{69CC76EB-0183-4622-929C-02E860A66A23}.Release|Win32.ActiveCfg = Release|Win32
		{69CC76EB-0183-4622-929C-02E860A66A23}.Release|Win32.Build.0 = Release|Win32
	EndGlobalSection
	GlobalSection(SolutionProperties) = preSolution
		HideSolutionNode = FALSE
	EndGlobalSection
EndGlobal
